
Microsoft Visual Studio Solution File, Format Version 12.00
# Visual Studio Version 17
VisualStudioVersion = 17.1.32421.90
MinimumVisualStudioVersion = 10.0.40219.1
Project("{FAE04EC0-301F-11D3-BF4B-00C04F79EFBC}") = "ExercicioEmprestimo", "ExercicioEmprestimo\ExercicioEmprestimo.csproj", "{91C5F72E-A7FA-4FDC-A14B-272010169CF5}"
EndProject
Global
	GlobalSection(SolutionConfigurationPlatforms) = preSolution
		Debug|Any CPU = Debug|Any CPU
		Release|Any CPU = Release|Any CPU
	EndGlobalSection
	GlobalSection(ProjectConfigurationPlatforms) = postSolution
		{91C5F72E-A7FA-4FDC-A14B-272010169CF5}.Debug|Any CPU.ActiveCfg = Debug|Any CPU
		{91C5F72E-A7FA-4FDC-A14B-272010169CF5}.Debug|Any CPU.Build.0 = Debug|Any CPU
		{91C5F72E-A7FA-4FDC-A14B-272010169CF5}.Release|Any CPU.ActiveCfg = Release|Any CPU
		{91C5F72E-A7FA-4FDC-A14B-272010169CF5}.Release|Any CPU.Build.0 = Release|Any CPU
	EndGlobalSection
	GlobalSection(SolutionProperties) = preSolution
		HideSolutionNode = FALSE
	EndGlobalSection
	GlobalSection(ExtensibilityGlobals) = postSolution
		SolutionGuid = {BF5F8D72-FA17-4787-8CA0-842ECDA94A3A}
	EndGlobalSection
EndGlobal
